
Microsoft Visual Studio Solution File, Format Version 11.00
# Visual Studio 2010
Project("{FAE04EC0-301F-11D3-BF4B-00C04F79EFBC}") = "SimpleRAT", "SimpleRAT\SimpleRAT.csproj", "{AED0F64A-C46B-44DF-A23F-93E13A73A0D6}"
EndProject
Project("{FAE04EC0-301F-11D3-BF4B-00C04F79EFBC}") = "client", "client\client.csproj", "{E969A5D1-394D-4778-8DD2-7920B5E43F36}"
EndProject
Global
	GlobalSection(SolutionConfigurationPlatforms) = preSolution
		Debug|x86 = Debug|x86
		Release|x86 = Release|x86
	EndGlobalSection
	GlobalSection(ProjectConfigurationPlatforms) = postSolution
		{AED0F64A-C46B-44DF-A23F-93E13A73A0D6}.Debug|x86.ActiveCfg = Debug|x86
		{AED0F64A-C46B-44DF-A23F-93E13A73A0D6}.Debug|x86.Build.0 = Debug|x86
		{AED0F64A-C46B-44DF-A23F-93E13A73A0D6}.Release|x86.ActiveCfg = Release|x86
		{AED0F64A-C46B-44DF-A23F-93E13A73A0D6}.Release|x86.Build.0 = Release|x86
		{E969A5D1-394D-4778-8DD2-7920B5E43F36}.Debug|x86.ActiveCfg = Debug|x86
		{E969A5D1-394D-4778-8DD2-7920B5E43F36}.Debug|x86.Build.0 = Debug|x86
		{E969A5D1-394D-4778-8DD2-7920B5E43F36}.Release|x86.ActiveCfg = Release|x86
		{E969A5D1-394D-4778-8DD2-7920B5E43F36}.Release|x86.Build.0 = Release|x86
	EndGlobalSection
	GlobalSection(SolutionProperties) = preSolution
		HideSolutionNode = FALSE
	EndGlobalSection
EndGlobal
